
Microsoft Visual Studio Solution File, Format Version 12.00
# Visual Studio Version 16
VisualStudioVersion = 16.0.29424.173
MinimumVisualStudioVersion = 10.0.40219.1
Project("{888888A0-9F3D-457C-B088-3A5042F75D52}") = "pyomech", "pyomech.pyproj", "{0B421B55-1F14-4940-8B09-62BC91B5F18F}"
EndProject
Global
	GlobalSection(SolutionConfigurationPlatforms) = preSolution
		Debug|Any CPU = Debug|Any CPU
		Release|Any CPU = Release|Any CPU
	EndGlobalSection
	GlobalSection(ProjectConfigurationPlatforms) = postSolution
		{0B421B55-1F14-4940-8B09-62BC91B5F18F}.Debug|Any CPU.ActiveCfg = Debug|Any CPU
		{0B421B55-1F14-4940-8B09-62BC91B5F18F}.Release|Any CPU.ActiveCfg = Release|Any CPU
	EndGlobalSection
	GlobalSection(SolutionProperties) = preSolution
		HideSolutionNode = FALSE
	EndGlobalSection
	GlobalSection(ExtensibilityGlobals) = postSolution
		SolutionGuid = {8A13E3C7-00A1-4660-958B-67074D517F44}
	EndGlobalSection
EndGlobal
